
Microsoft Visual Studio Solution File, Format Version 12.00
# Visual Studio Version 16
VisualStudioVersion = 16.0.30114.105
MinimumVisualStudioVersion = 10.0.40219.1
Project("{FAE04EC0-301F-11D3-BF4B-00C04F79EFBC}") = "3DES", "3DES\3DES.csproj", "{474888E3-E8DF-41B2-9CD4-2B63F2E69E28}"
EndProject
Global
	GlobalSection(SolutionConfigurationPlatforms) = preSolution
		Debug|Any CPU = Debug|Any CPU
		Release|Any CPU = Release|Any CPU
	EndGlobalSection
	GlobalSection(ProjectConfigurationPlatforms) = postSolution
		{474888E3-E8DF-41B2-9CD4-2B63F2E69E28}.Debug|Any CPU.ActiveCfg = Debug|Any CPU
		{474888E3-E8DF-41B2-9CD4-2B63F2E69E28}.Debug|Any CPU.Build.0 = Debug|Any CPU
		{474888E3-E8DF-41B2-9CD4-2B63F2E69E28}.Release|Any CPU.ActiveCfg = Release|Any CPU
		{474888E3-E8DF-41B2-9CD4-2B63F2E69E28}.Release|Any CPU.Build.0 = Release|Any CPU
	EndGlobalSection
	GlobalSection(SolutionProperties) = preSolution
		HideSolutionNode = FALSE
	EndGlobalSection
	GlobalSection(ExtensibilityGlobals) = postSolution
		SolutionGuid = {1D5A5FFB-808B-4EA9-BD97-CE4525E73396}
	EndGlobalSection
EndGlobal
